// !$*UTF8*$!
{
	archiveVersion = 1;
	classes = {
	};
	objectVersion = 46;
	objects = {

/* Begin PBXBuildFile section */
		804E3B2B1B0E52D6000101B7 /* AppDelegate.swift in Sources */ = {isa = PBXBuildFile; fileRef = 804E3B2A1B0E52D6000101B7 /* AppDelegate.swift */; };
		804E3B2D1B0E52D6000101B7 /* ViewController.swift in Sources */ = {isa = PBXBuildFile; fileRef = 804E3B2C1B0E52D6000101B7 /* ViewController.swift */; };
		804E3B301B0E52D6000101B7 /* Main.storyboard in Resources */ = {isa = PBXBuildFile; fileRef = 804E3B2E1B0E52D6000101B7 /* Main.storyboard */; };
		804E3B321B0E52D6000101B7 /* Images.xcassets in Resources */ = {isa = PBXBuildFile; fileRef = 804E3B311B0E52D6000101B7 /* Images.xcassets */; };
		804E3B351B0E52D6000101B7 /* LaunchScreen.xib in Resources */ = {isa = PBXBuildFile; fileRef = 804E3B331B0E52D6000101B7 /* LaunchScreen.xib */; };
		804E3B411B0E52D6000101B7 /* StormyTests.swift in Sources */ = {isa = PBXBuildFile; fileRef = 804E3B401B0E52D6000101B7 /* StormyTests.swift */; };
		804E3B4C1B0FAF4E000101B7 /* Current.swift in Sources */ = {isa = PBXBuildFile; fileRef = 804E3B4B1B0FAF4E000101B7 /* Current.swift */; };
/* End PBXBuildFile section */

/* Begin PBXContainerItemProxy section */
		804E3B3B1B0E52D6000101B7 /* PBXContainerItemProxy */ = {
			isa = PBXContainerItemProxy;
			containerPortal = 804E3B1D1B0E52D6000101B7 /* Project object */;
			proxyType = 1;
			remoteGlobalIDString = 804E3B241B0E52D6000101B7;
			remoteInfo = Stormy;
		};
/* End PBXContainerItemProxy section */

/* Begin PBXFileReference section */
		804E3B251B0E52D6000101B7 /* Stormy.app */ = {isa = PBXFileReference; explicitFileType = wrapper.application; includeInIndex = 0; path = Stormy.app; sourceTree = BUILT_PRODUCTS_DIR; };
		804E3B291B0E52D6000101B7 /* Info.plist */ = {isa = PBXFileReference; lastKnownFileType = text.plist.xml; path = Info.plist; sourceTree = "<group>"; };
		804E3B2A1B0E52D6000101B7 /* AppDelegate.swift */ = {isa = PBXFileReference; lastKnownFileType = sourcecode.swift; path = AppDelegate.swift; sourceTree = "<group>"; };
		804E3B2C1B0E52D6000101B7 /* ViewController.swift */ = {isa = PBXFileReference; lastKnownFileType = sourcecode.swift; path = ViewController.swift; sourceTree = "<group>"; };
		804E3B2F1B0E52D6000101B7 /* Base */ = {isa = PBXFileReference; lastKnownFileType = file.storyboard; name = Base; path = Base.lproj/Main.storyboard; sourceTree = "<group>"; };
		804E3B311B0E52D6000101B7 /* Images.xcassets */ = {isa = PBXFileReference; lastKnownFileType = folder.assetcatalog; path = Images.xcassets; sourceTree = "<group>"; };
		804E3B341B0E52D6000101B7 /* Base */ = {isa = PBXFileReference; lastKnownFileType = file.xib; name = Base; path = Base.lproj/LaunchScreen.xib; sourceTree = "<group>"; };
		804E3B3A1B0E52D6000101B7 /* StormyTests.xctest */ = {isa = PBXFileReference; explicitFileType = wrapper.cfbundle; includeInIndex = 0; path = StormyTests.xctest; sourceTree = BUILT_PRODUCTS_DIR; };
		804E3B3F1B0E52D6000101B7 /* Info.plist */ = {isa = PBXFileReference; lastKnownFileType = text.plist.xml; path = Info.plist; sourceTree = "<group>"; };
		804E3B401B0E52D6000101B7 /* StormyTests.swift */ = {isa = PBXFileReference; lastKnownFileType = sourcecode.swift; path = StormyTests.swift; sourceTree = "<group>"; };
		804E3B4A1B0EABC3000101B7 /* Testnig.playground */ = {isa = PBXFileReference; lastKnownFileType = file.playground; path = Testnig.playground; sourceTree = "<group>"; };
		804E3B4B1B0FAF4E000101B7 /* Current.swift */ = {isa = PBXFileReference; fileEncoding = 4; lastKnownFileType = sourcecode.swift; path = Current.swift; sourceTree = "<group>"; };
/* End PBXFileReference section */

/* Begin PBXFrameworksBuildPhase section */
		804E3B221B0E52D6000101B7 /* Frameworks */ = {
			isa = PBXFrameworksBuildPhase;
			buildActionMask = 2147483647;
			files = (
			);
			runOnlyForDeploymentPostprocessing = 0;
		};
		804E3B371B0E52D6000101B7 /* Frameworks */ = {
			isa = PBXFrameworksBuildPhase;
			buildActionMask = 2147483647;
			files = (
			);
			runOnlyForDeploymentPostprocessing = 0;
		};
/* End PBXFrameworksBuildPhase section */

/* Begin PBXGroup section */
		804E3B1C1B0E52D6000101B7 = {
			isa = PBXGroup;
			children = (
				804E3B271B0E52D6000101B7 /* Stormy */,
				804E3B3D1B0E52D6000101B7 /* StormyTests */,
				804E3B261B0E52D6000101B7 /* Products */,
			);
			sourceTree = "<group>";
		};
		804E3B261B0E52D6000101B7 /* Products */ = {
			isa = PBXGroup;
			children = (
				804E3B251B0E52D6000101B7 /* Stormy.app */,
				804E3B3A1B0E52D6000101B7 /* StormyTests.xctest */,
			);
			name = Products;
			sourceTree = "<group>";
		};
		804E3B271B0E52D6000101B7 /* Stormy */ = {
			isa = PBXGroup;
			children = (
				804E3B2A1B0E52D6000101B7 /* AppDelegate.swift */,
				804E3B2C1B0E52D6000101B7 /* ViewController.swift */,
				804E3B4B1B0FAF4E000101B7 /* Current.swift */,
				804E3B4A1B0EABC3000101B7 /* Testnig.playground */,
				804E3B2E1B0E52D6000101B7 /* Main.storyboard */,
				804E3B311B0E52D6000101B7 /* Images.xcassets */,
				804E3B331B0E52D6000101B7 /* LaunchScreen.xib */,
				804E3B281B0E52D6000101B7 /* Supporting Files */,
			);
			path = Stormy;
			sourceTree = "<group>";
		};
		804E3B281B0E52D6000101B7 /* Supporting Files */ = {
			isa = PBXGroup;
			children = (
				804E3B291B0E52D6000101B7 /* Info.plist */,
			);
			name = "Supporting Files";
			sourceTree = "<group>";
		};
		804E3B3D1B0E52D6000101B7 /* StormyTests */ = {
			isa = PBXGroup;
			children = (
				804E3B401B0E52D6000101B7 /* StormyTests.swift */,
				804E3B3E1B0E52D6000101B7 /* Supporting Files */,
			);
			path = StormyTests;
			sourceTree = "<group>";
		};
		804E3B3E1B0E52D6000101B7 /* Supporting Files */ = {
			isa = PBXGroup;
			children = (
				804E3B3F1B0E52D6000101B7 /* Info.plist */,
			);
			name = "Supporting Files";
			sourceTree = "<group>";
		};
/* End PBXGroup section */

/* Begin PBXNativeTarget section */
		804E3B241B0E52D6000101B7 /* Stormy */ = {
			isa = PBXNativeTarget;
			buildConfigurationList = 804E3B441B0E52D6000101B7 /* Build configuration list for PBXNativeTarget "Stormy" */;
			buildPhases = (
				804E3B211B0E52D6000101B7 /* Sources */,
				804E3B221B0E52D6000101B7 /* Frameworks */,
				804E3B231B0E52D6000101B7 /* Resources */,
			);
			buildRules = (
			);
			dependencies = (
			);
			name = Stormy;
			productName = Stormy;
			productReference = 804E3B251B0E52D6000101B7 /* Stormy.app */;
			productType = "com.apple.product-type.application";
		};
		804E3B391B0E52D6000101B7 /* StormyTests */ = {
			isa = PBXNativeTarget;
			buildConfigurationList = 804E3B471B0E52D6000101B7 /* Build configuration list for PBXNativeTarget "StormyTests" */;
			buildPhases = (
				804E3B361B0E52D6000101B7 /* Sources */,
				804E3B371B0E52D6000101B7 /* Frameworks */,
				804E3B381B0E52D6000101B7 /* Resources */,
			);
			buildRules = (
			);
			dependencies = (
				804E3B3C1B0E52D6000101B7 /* PBXTargetDependency */,
			);
			name = StormyTests;
			productName = StormyTests;
			productReference = 804E3B3A1B0E52D6000101B7 /* StormyTests.xctest */;
			productType = "com.apple.product-type.bundle.unit-test";
		};
/* End PBXNativeTarget section */

/* Begin PBXProject section */
		804E3B1D1B0E52D6000101B7 /* Project object */ = {
			isa = PBXProject;
			attributes = {
				LastUpgradeCheck = 0620;
				ORGANIZATIONNAME = MohammadSUsman;
				TargetAttributes = {
					804E3B241B0E52D6000101B7 = {
						CreatedOnToolsVersion = 6.2;
					};
					804E3B391B0E52D6000101B7 = {
						CreatedOnToolsVersion = 6.2;
						TestTargetID = 804E3B241B0E52D6000101B7;
					};
				};
			};
			buildConfigurationList = 804E3B201B0E52D6000101B7 /* Build configuration list for PBXProject "Stormy" */;
			compatibilityVersion = "Xcode 3.2";
			developmentRegion = English;
			hasScannedForEncodings = 0;
			knownRegions = (
				en,
				Base,
			);
			mainGroup = 804E3B1C1B0E52D6000101B7;
			productRefGroup = 804E3B261B0E52D6000101B7 /* Products */;
			projectDirPath = "";
			projectRoot = "";
			targets = (
				804E3B241B0E52D6000101B7 /* Stormy */,
				804E3B391B0E52D6000101B7 /* StormyTests */,
			);
		};
/* End PBXProject section */

/* Begin PBXResourcesBuildPhase section */
		804E3B231B0E52D6000101B7 /* Resources */ = {
			isa = PBXResourcesBuildPhase;
			buildActionMask = 2147483647;
			files = (
				804E3B301B0E52D6000101B7 /* Main.storyboard in Resources */,
				804E3B351B0E52D6000101B7 /* LaunchScreen.xib in Resources */,
				804E3B321B0E52D6000101B7 /* Images.xcassets in Resources */,
			);
			runOnlyForDeploymentPostprocessing = 0;
		};
		804E3B381B0E52D6000101B7 /* Resources */ = {
			isa = PBXResourcesBuildPhase;
			buildActionMask = 2147483647;
			files = (
			);
			runOnlyForDeploymentPostprocessing = 0;
		};
/* End PBXResourcesBuildPhase section */

/* Begin PBXSourcesBuildPhase section */
		804E3B211B0E52D6000101B7 /* Sources */ = {
			isa = PBXSourcesBuildPhase;
			buildActionMask = 2147483647;
			files = (
				804E3B4C1B0FAF4E000101B7 /* Current.swift in Sources */,
				804E3B2D1B0E52D6000101B7 /* ViewController.swift in Sources */,
				804E3B2B1B0E52D6000101B7 /* AppDelegate.swift in Sources */,
			);
			runOnlyForDeploymentPostprocessing = 0;
		};
		804E3B361B0E52D6000101B7 /* Sources */ = {
			isa = PBXSourcesBuildPhase;
			buildActionMask = 2147483647;
			files = (
				804E3B411B0E52D6000101B7 /* StormyTests.swift in Sources */,
			);
			runOnlyForDeploymentPostprocessing = 0;
		};
/* End PBXSourcesBuildPhase section */

/* Begin PBXTargetDependency section */
		804E3B3C1B0E52D6000101B7 /* PBXTargetDependency */ = {
			isa = PBXTargetDependency;
			target = 804E3B241B0E52D6000101B7 /* Stormy */;
			targetProxy = 804E3B3B1B0E52D6000101B7 /* PBXContainerItemProxy */;
		};
/* End PBXTargetDependency section */

/* Begin PBXVariantGroup section */
		804E3B2E1B0E52D6000101B7 /* Main.storyboard */ = {
			isa = PBXVariantGroup;
			children = (
				804E3B2F1B0E52D6000101B7 /* Base */,
			);
			name = Main.storyboard;
			sourceTree = "<group>";
		};
		804E3B331B0E52D6000101B7 /* LaunchScreen.xib */ = {
			isa = PBXVariantGroup;
			children = (
				804E3B341B0E52D6000101B7 /* Base */,
			);
			name = LaunchScreen.xib;
			sourceTree = "<group>";
		};
/* End PBXVariantGroup section */

/* Begin XCBuildConfiguration section */
		804E3B421B0E52D6000101B7 /* Debug */ = {
			isa = XCBuildConfiguration;
			buildSettings = {
				ALWAYS_SEARCH_USER_PATHS = NO;
				CLANG_CXX_LANGUAGE_STANDARD = "gnu++0x";
				CLANG_CXX_LIBRARY = "libc++";
				CLANG_ENABLE_MODULES = YES;
				CLANG_ENABLE_OBJC_ARC = YES;
				CLANG_WARN_BOOL_CONVERSION = YES;
				CLANG_WARN_CONSTANT_CONVERSION = YES;
				CLANG_WARN_DIRECT_OBJC_ISA_USAGE = YES_ERROR;
				CLANG_WARN_EMPTY_BODY = YES;
				CLANG_WARN_ENUM_CONVERSION = YES;
				CLANG_WARN_INT_CONVERSION = YES;
				CLANG_WARN_OBJC_ROOT_CLASS = YES_ERROR;
				CLANG_WARN_UNREACHABLE_CODE = YES;
				CLANG_WARN__DUPLICATE_METHOD_MATCH = YES;
				"CODE_SIGN_IDENTITY[sdk=iphoneos*]" = "iPhone Developer";
				COPY_PHASE_STRIP = NO;
				ENABLE_STRICT_OBJC_MSGSEND = YES;
				GCC_C_LANGUAGE_STANDARD = gnu99;
				GCC_DYNAMIC_NO_PIC = NO;
				GCC_OPTIMIZATION_LEVEL = 0;
				GCC_PREPROCESSOR_DEFINITIONS = (
					"DEBUG=1",
					"$(inherited)",
				);
				GCC_SYMBOLS_PRIVATE_EXTERN = NO;
				GCC_WARN_64_TO_32_BIT_CONVERSION = YES;
				GCC_WARN_ABOUT_RETURN_TYPE = YES_ERROR;
				GCC_WARN_UNDECLARED_SELECTOR = YES;
				GCC_WARN_UNINITIALIZED_AUTOS = YES_AGGRESSIVE;
				GCC_WARN_UNUSED_FUNCTION = YES;
				GCC_WARN_UNUSED_VARIABLE = YES;
				IPHONEOS_DEPLOYMENT_TARGET = 8.2;
				MTL_ENABLE_DEBUG_INFO = YES;
				ONLY_ACTIVE_ARCH = YES;
				SDKROOT = iphoneos;
				SWIFT_OPTIMIZATION_LEVEL = "-Onone";
			};
			name = Debug;
		};
		804E3B431B0E52D6000101B7 /* Release */ = {
			isa = XCBuildConfiguration;
			buildSettings = {
				ALWAYS_SEARCH_USER_PATHS = NO;
				CLANG_CXX_LANGUAGE_STANDARD = "gnu++0x";
				CLANG_CXX_LIBRARY = "libc++";
				CLANG_ENABLE_MODULES = YES;
				CLANG_ENABLE_OBJC_ARC = YES;
				CLANG_WARN_BOOL_CONVERSION = YES;
				CLANG_WARN_CONSTANT_CONVERSION = YES;
				CLANG_WARN_DIRECT_OBJC_ISA_USAGE = YES_ERROR;
				CLANG_WARN_EMPTY_BODY = YES;
				CLANG_WARN_ENUM_CONVERSION = YES;
				CLANG_WARN_INT_CONVERSION = YES;
				CLANG_WARN_OBJC_ROOT_CLASS = YES_ERROR;
				CLANG_WARN_UNREACHABLE_CODE = YES;
				CLANG_WARN__DUPLICATE_METHOD_MATCH = YES;
				"CODE_SIGN_IDENTITY[sdk=iphoneos*]" = "iPhone Developer";
				COPY_PHASE_STRIP = NO;
				ENABLE_NS_ASSERTIONS = NO;
				ENABLE_STRICT_OBJC_MSGSEND = YES;
				GCC_C_LANGUAGE_STANDARD = gnu99;
				GCC_WARN_64_TO_32_BIT_CONVERSION = YES;
				GCC_WARN_ABOUT_RETURN_TYPE = YES_ERROR;
				GCC_WARN_UNDECLARED_SELECTOR = YES;
				GCC_WARN_UNINITIALIZED_AUTOS = YES_AGGRESSIVE;
				GCC_WARN_UNUSED_FUNCTION = YES;
				GCC_WARN_UNUSED_VARIABLE = YES;
				IPHONEOS_DEPLOYMENT_TARGET = 8.2;
				MTL_ENABLE_DEBUG_INFO = NO;
				SDKROOT = iphoneos;
				VALIDATE_PRODUCT = YES;
			};
			name = Release;
		};
		804E3B451B0E52D6000101B7 /* Debug */ = {
			isa = XCBuildConfiguration;
			buildSettings = {
				ASSETCATALOG_COMPILER_APPICON_NAME = AppIcon;
				INFOPLIST_FILE = Stormy/Info.plist;
				LD_RUNPATH_SEARCH_PATHS = "$(inherited) @executable_path/Frameworks";
				PRODUCT_NAME = "$(TARGET_NAME)";
			};
			name = Debug;
		};
		804E3B461B0E52D6000101B7 /* Release */ = {
			isa = XCBuildConfiguration;
			buildSettings = {
				ASSETCATALOG_COMPILER_APPICON_NAME = AppIcon;
				INFOPLIST_FILE = Stormy/Info.plist;
				LD_RUNPATH_SEARCH_PATHS = "$(inherited) @executable_path/Frameworks";
				PRODUCT_NAME = "$(TARGET_NAME)";
			};
			name = Release;
		};
		804E3B481B0E52D6000101B7 /* Debug */ = {
			isa = XCBuildConfiguration;
			buildSettings = {
				BUNDLE_LOADER = "$(TEST_HOST)";
				FRAMEWORK_SEARCH_PATHS = (
					"$(SDKROOT)/Developer/Library/Frameworks",
					"$(inherited)",
				);
				GCC_PREPROCESSOR_DEFINITIONS = (
					"DEBUG=1",
					"$(inherited)",
				);
				INFOPLIST_FILE = StormyTests/Info.plist;
				LD_RUNPATH_SEARCH_PATHS = "$(inherited) @executable_path/Frameworks @loader_path/Frameworks";
				PRODUCT_NAME = "$(TARGET_NAME)";
				TEST_HOST = "$(BUILT_PRODUCTS_DIR)/Stormy.app/Stormy";
			};
			name = Debug;
		};
		804E3B491B0E52D6000101B7 /* Release */ = {
			isa = XCBuildConfiguration;
			buildSettings = {
				BUNDLE_LOADER = "$(TEST_HOST)";
				FRAMEWORK_SEARCH_PATHS = (
					"$(SDKROOT)/Developer/Library/Frameworks",
					"$(inherited)",
				);
				INFOPLIST_FILE = StormyTests/Info.plist;
				LD_RUNPATH_SEARCH_PATHS = "$(inherited) @executable_path/Frameworks @loader_path/Frameworks";
				PRODUCT_NAME = "$(TARGET_NAME)";
				TEST_HOST = "$(BUILT_PRODUCTS_DIR)/Stormy.app/Stormy";
			};
			name = Release;
		};
/* End XCBuildConfiguration section */

/* Begin XCConfigurationList section */
		804E3B201B0E52D6000101B7 /* Build configuration list for PBXProject "Stormy" */ = {
			isa = XCConfigurationList;
			buildConfigurations = (
				804E3B421B0E52D6000101B7 /* Debug */,
				804E3B431B0E52D6000101B7 /* Release */,
			);
			defaultConfigurationIsVisible = 0;
			defaultConfigurationName = Release;
		};
		804E3B441B0E52D6000101B7 /* Build configuration list for PBXNativeTarget "Stormy" */ = {
			isa = XCConfigurationList;
			buildConfigurations = (
				804E3B451B0E52D6000101B7 /* Debug */,
				804E3B461B0E52D6000101B7 /* Release */,
			);
			defaultConfigurationIsVisible = 0;
			defaultConfigurationName = Release;
		};
		804E3B471B0E52D6000101B7 /* Build configuration list for PBXNativeTarget "StormyTests" */ = {
			isa = XCConfigurationList;
			buildConfigurations = (
				804E3B481B0E52D6000101B7 /* Debug */,
				804E3B491B0E52D6000101B7 /* Release */,
			);
			defaultConfigurationIsVisible = 0;
			defaultConfigurationName = Release;
		};
/* End XCConfigurationList section */
	};
	rootObject = 804E3B1D1B0E52D6000101B7 /* Project object */;
}
